
Microsoft Visual Studio Solution File, Format Version 12.00
# Visual Studio Version 17
VisualStudioVersion = 17.8.34408.163
MinimumVisualStudioVersion = 10.0.40219.1
Project("{FAE04EC0-301F-11D3-BF4B-00C04F79EFBC}") = "trydex-desktop", "trydex-desktop\trydex-desktop.csproj", "{8792BBE8-C070-4FC4-AEF3-A9AB7780A19C}"
EndProject
Project("{FAE04EC0-301F-11D3-BF4B-00C04F79EFBC}") = "trydex-core", "trydex-core\trydex-core.csproj", "{C03C42D2-992F-420B-93E1-0BD6E5931DB6}"
EndProject
Global
	GlobalSection(SolutionConfigurationPlatforms) = preSolution
		Debug|Any CPU = Debug|Any CPU
		Release|Any CPU = Release|Any CPU
	EndGlobalSection
	GlobalSection(ProjectConfigurationPlatforms) = postSolution
		{8792BBE8-C070-4FC4-AEF3-A9AB7780A19C}.Debug|Any CPU.ActiveCfg = Debug|Any CPU
		{8792BBE8-C070-4FC4-AEF3-A9AB7780A19C}.Debug|Any CPU.Build.0 = Debug|Any CPU
		{8792BBE8-C070-4FC4-AEF3-A9AB7780A19C}.Release|Any CPU.ActiveCfg = Release|Any CPU
		{8792BBE8-C070-4FC4-AEF3-A9AB7780A19C}.Release|Any CPU.Build.0 = Release|Any CPU
		{C03C42D2-992F-420B-93E1-0BD6E5931DB6}.Debug|Any CPU.ActiveCfg = Debug|Any CPU
		{C03C42D2-992F-420B-93E1-0BD6E5931DB6}.Debug|Any CPU.Build.0 = Debug|Any CPU
		{C03C42D2-992F-420B-93E1-0BD6E5931DB6}.Release|Any CPU.ActiveCfg = Release|Any CPU
		{C03C42D2-992F-420B-93E1-0BD6E5931DB6}.Release|Any CPU.Build.0 = Release|Any CPU
	EndGlobalSection
	GlobalSection(SolutionProperties) = preSolution
		HideSolutionNode = FALSE
	EndGlobalSection
	GlobalSection(ExtensibilityGlobals) = postSolution
		SolutionGuid = {B937A3DD-A268-496F-819A-E56A7CAA5273}
	EndGlobalSection
EndGlobal
